// !$*UTF8*$!
{
	archiveVersion = 1;
	classes = {
	};
	objectVersion = 50;
	objects = {

/* Begin PBXBuildFile section */
		0170747926EB353A00CD28BE /* HomeView.swift in Sources */ = {isa = PBXBuildFile; fileRef = 0170747826EB353A00CD28BE /* HomeView.swift */; };
		018A22F826B91F6B00B79D56 /* swiftUIDemoApp.swift in Sources */ = {isa = PBXBuildFile; fileRef = 018A22F726B91F6B00B79D56 /* swiftUIDemoApp.swift */; };
		018A22FA26B91F6B00B79D56 /* ContentView.swift in Sources */ = {isa = PBXBuildFile; fileRef = 018A22F926B91F6B00B79D56 /* ContentView.swift */; };
		018A22FC26B91F7000B79D56 /* Assets.xcassets in Resources */ = {isa = PBXBuildFile; fileRef = 018A22FB26B91F7000B79D56 /* Assets.xcassets */; };
		018A22FF26B91F7000B79D56 /* Preview Assets.xcassets in Resources */ = {isa = PBXBuildFile; fileRef = 018A22FE26B91F7000B79D56 /* Preview Assets.xcassets */; };
		01A8347626FDF6DD00918C64 /* SliderView.swift in Sources */ = {isa = PBXBuildFile; fileRef = 01A8347526FDF6DD00918C64 /* SliderView.swift */; };
		01A8347826FDF83300918C64 /* ColorPickerView.swift in Sources */ = {isa = PBXBuildFile; fileRef = 01A8347726FDF83300918C64 /* ColorPickerView.swift */; };
		01A8347A26FDFD7400918C64 /* SpinToWinImageView.swift in Sources */ = {isa = PBXBuildFile; fileRef = 01A8347926FDFD7400918C64 /* SpinToWinImageView.swift */; };
		01BAD07A26F622DE00678CFF /* SampleLogin.swift in Sources */ = {isa = PBXBuildFile; fileRef = 01BAD07926F622DD00678CFF /* SampleLogin.swift */; };
		01BAD07D26F656AF00678CFF /* SampleSpacing.swift in Sources */ = {isa = PBXBuildFile; fileRef = 01BAD07C26F656AE00678CFF /* SampleSpacing.swift */; };
		01BAD08026F65DBC00678CFF /* SampleCardView.swift in Sources */ = {isa = PBXBuildFile; fileRef = 01BAD07F26F65DBC00678CFF /* SampleCardView.swift */; };
		01E6094A26FB75660097A9C7 /* SpinToWin.swift in Sources */ = {isa = PBXBuildFile; fileRef = 01E6094926FB75660097A9C7 /* SpinToWin.swift */; };
/* End PBXBuildFile section */

/* Begin PBXFileReference section */
		0170747826EB353A00CD28BE /* HomeView.swift */ = {isa = PBXFileReference; lastKnownFileType = sourcecode.swift; path = HomeView.swift; sourceTree = "<group>"; };
		018A22F426B91F6B00B79D56 /* swiftUIDemo.app */ = {isa = PBXFileReference; explicitFileType = wrapper.application; includeInIndex = 0; path = swiftUIDemo.app; sourceTree = BUILT_PRODUCTS_DIR; };
		018A22F726B91F6B00B79D56 /* swiftUIDemoApp.swift */ = {isa = PBXFileReference; lastKnownFileType = sourcecode.swift; path = swiftUIDemoApp.swift; sourceTree = "<group>"; };
		018A22F926B91F6B00B79D56 /* ContentView.swift */ = {isa = PBXFileReference; lastKnownFileType = sourcecode.swift; path = ContentView.swift; sourceTree = "<group>"; };
		018A22FB26B91F7000B79D56 /* Assets.xcassets */ = {isa = PBXFileReference; lastKnownFileType = folder.assetcatalog; path = Assets.xcassets; sourceTree = "<group>"; };
		018A22FE26B91F7000B79D56 /* Preview Assets.xcassets */ = {isa = PBXFileReference; lastKnownFileType = folder.assetcatalog; path = "Preview Assets.xcassets"; sourceTree = "<group>"; };
		018A230026B91F7000B79D56 /* Info.plist */ = {isa = PBXFileReference; lastKnownFileType = text.plist.xml; path = Info.plist; sourceTree = "<group>"; };
		01A8347526FDF6DD00918C64 /* SliderView.swift */ = {isa = PBXFileReference; lastKnownFileType = sourcecode.swift; path = SliderView.swift; sourceTree = "<group>"; };
		01A8347726FDF83300918C64 /* ColorPickerView.swift */ = {isa = PBXFileReference; lastKnownFileType = sourcecode.swift; path = ColorPickerView.swift; sourceTree = "<group>"; };
		01A8347926FDFD7400918C64 /* SpinToWinImageView.swift */ = {isa = PBXFileReference; lastKnownFileType = sourcecode.swift; path = SpinToWinImageView.swift; sourceTree = "<group>"; };
		01BAD07926F622DD00678CFF /* SampleLogin.swift */ = {isa = PBXFileReference; lastKnownFileType = sourcecode.swift; path = SampleLogin.swift; sourceTree = "<group>"; };
		01BAD07C26F656AE00678CFF /* SampleSpacing.swift */ = {isa = PBXFileReference; lastKnownFileType = sourcecode.swift; path = SampleSpacing.swift; sourceTree = "<group>"; };
		01BAD07F26F65DBC00678CFF /* SampleCardView.swift */ = {isa = PBXFileReference; lastKnownFileType = sourcecode.swift; path = SampleCardView.swift; sourceTree = "<group>"; };
		01E6094926FB75660097A9C7 /* SpinToWin.swift */ = {isa = PBXFileReference; lastKnownFileType = sourcecode.swift; path = SpinToWin.swift; sourceTree = "<group>"; };
/* End PBXFileReference section */

/* Begin PBXFrameworksBuildPhase section */
		018A22F126B91F6B00B79D56 /* Frameworks */ = {
			isa = PBXFrameworksBuildPhase;
			buildActionMask = 2147483647;
			files = (
			);
			runOnlyForDeploymentPostprocessing = 0;
		};
/* End PBXFrameworksBuildPhase section */

/* Begin PBXGroup section */
		018A22EB26B91F6B00B79D56 = {
			isa = PBXGroup;
			children = (
				018A22F626B91F6B00B79D56 /* swiftUIDemo */,
				018A22F526B91F6B00B79D56 /* Products */,
			);
			sourceTree = "<group>";
		};
		018A22F526B91F6B00B79D56 /* Products */ = {
			isa = PBXGroup;
			children = (
				018A22F426B91F6B00B79D56 /* swiftUIDemo.app */,
			);
			name = Products;
			sourceTree = "<group>";
		};
		018A22F626B91F6B00B79D56 /* swiftUIDemo */ = {
			isa = PBXGroup;
			children = (
				018A22F726B91F6B00B79D56 /* swiftUIDemoApp.swift */,
				018A22F926B91F6B00B79D56 /* ContentView.swift */,
				0170747826EB353A00CD28BE /* HomeView.swift */,
				01BAD07926F622DD00678CFF /* SampleLogin.swift */,
				01BAD07C26F656AE00678CFF /* SampleSpacing.swift */,
				01BAD07F26F65DBC00678CFF /* SampleCardView.swift */,
				01E6094926FB75660097A9C7 /* SpinToWin.swift */,
				01A8347726FDF83300918C64 /* ColorPickerView.swift */,
				01A8347426FDF6AF00918C64 /* Views */,
				018A22FB26B91F7000B79D56 /* Assets.xcassets */,
				018A230026B91F7000B79D56 /* Info.plist */,
				018A22FD26B91F7000B79D56 /* Preview Content */,
			);
			path = swiftUIDemo;
			sourceTree = "<group>";
		};
		018A22FD26B91F7000B79D56 /* Preview Content */ = {
			isa = PBXGroup;
			children = (
				018A22FE26B91F7000B79D56 /* Preview Assets.xcassets */,
			);
			path = "Preview Content";
			sourceTree = "<group>";
		};
		01A8347426FDF6AF00918C64 /* Views */ = {
			isa = PBXGroup;
			children = (
				01A8347526FDF6DD00918C64 /* SliderView.swift */,
				01A8347926FDFD7400918C64 /* SpinToWinImageView.swift */,
			);
			path = Views;
			sourceTree = "<group>";
		};
/* End PBXGroup section */

/* Begin PBXNativeTarget section */
		018A22F326B91F6B00B79D56 /* swiftUIDemo */ = {
			isa = PBXNativeTarget;
			buildConfigurationList = 018A230326B91F7000B79D56 /* Build configuration list for PBXNativeTarget "swiftUIDemo" */;
			buildPhases = (
				018A22F026B91F6B00B79D56 /* Sources */,
				018A22F126B91F6B00B79D56 /* Frameworks */,
				018A22F226B91F6B00B79D56 /* Resources */,
			);
			buildRules = (
			);
			dependencies = (
			);
			name = swiftUIDemo;
			productName = swiftUIDemo;
			productReference = 018A22F426B91F6B00B79D56 /* swiftUIDemo.app */;
			productType = "com.apple.product-type.application";
		};
/* End PBXNativeTarget section */

/* Begin PBXProject section */
		018A22EC26B91F6B00B79D56 /* Project object */ = {
			isa = PBXProject;
			attributes = {
				LastSwiftUpdateCheck = 1220;
				LastUpgradeCheck = 1220;
				TargetAttributes = {
					018A22F326B91F6B00B79D56 = {
						CreatedOnToolsVersion = 12.2;
					};
				};
			};
			buildConfigurationList = 018A22EF26B91F6B00B79D56 /* Build configuration list for PBXProject "swiftUIDemo" */;
			compatibilityVersion = "Xcode 9.3";
			developmentRegion = en;
			hasScannedForEncodings = 0;
			knownRegions = (
				en,
				Base,
			);
			mainGroup = 018A22EB26B91F6B00B79D56;
			productRefGroup = 018A22F526B91F6B00B79D56 /* Products */;
			projectDirPath = "";
			projectRoot = "";
			targets = (
				018A22F326B91F6B00B79D56 /* swiftUIDemo */,
			);
		};
/* End PBXProject section */

/* Begin PBXResourcesBuildPhase section */
		018A22F226B91F6B00B79D56 /* Resources */ = {
			isa = PBXResourcesBuildPhase;
			buildActionMask = 2147483647;
			files = (
				018A22FF26B91F7000B79D56 /* Preview Assets.xcassets in Resources */,
				018A22FC26B91F7000B79D56 /* Assets.xcassets in Resources */,
			);
			runOnlyForDeploymentPostprocessing = 0;
		};
/* End PBXResourcesBuildPhase section */

/* Begin PBXSourcesBuildPhase section */
		018A22F026B91F6B00B79D56 /* Sources */ = {
			isa = PBXSourcesBuildPhase;
			buildActionMask = 2147483647;
			files = (
				0170747926EB353A00CD28BE /* HomeView.swift in Sources */,
				01A8347626FDF6DD00918C64 /* SliderView.swift in Sources */,
				01BAD07D26F656AF00678CFF /* SampleSpacing.swift in Sources */,
				01BAD08026F65DBC00678CFF /* SampleCardView.swift in Sources */,
				01A8347A26FDFD7400918C64 /* SpinToWinImageView.swift in Sources */,
				01E6094A26FB75660097A9C7 /* SpinToWin.swift in Sources */,
				01A8347826FDF83300918C64 /* ColorPickerView.swift in Sources */,
				018A22FA26B91F6B00B79D56 /* ContentView.swift in Sources */,
				018A22F826B91F6B00B79D56 /* swiftUIDemoApp.swift in Sources */,
				01BAD07A26F622DE00678CFF /* SampleLogin.swift in Sources */,
			);
			runOnlyForDeploymentPostprocessing = 0;
		};
/* End PBXSourcesBuildPhase section */

/* Begin XCBuildConfiguration section */
		018A230126B91F7000B79D56 /* Debug */ = {
			isa = XCBuildConfiguration;
			buildSettings = {
				ALWAYS_SEARCH_USER_PATHS = NO;
				CLANG_ANALYZER_NONNULL = YES;
				CLANG_ANALYZER_NUMBER_OBJECT_CONVERSION = YES_AGGRESSIVE;
				CLANG_CXX_LANGUAGE_STANDARD = "gnu++14";
				CLANG_CXX_LIBRARY = "libc++";
				CLANG_ENABLE_MODULES = YES;
				CLANG_ENABLE_OBJC_ARC = YES;
				CLANG_ENABLE_OBJC_WEAK = YES;
				CLANG_WARN_BLOCK_CAPTURE_AUTORELEASING = YES;
				CLANG_WARN_BOOL_CONVERSION = YES;
				CLANG_WARN_COMMA = YES;
				CLANG_WARN_CONSTANT_CONVERSION = YES;
				CLANG_WARN_DEPRECATED_OBJC_IMPLEMENTATIONS = YES;
				CLANG_WARN_DIRECT_OBJC_ISA_USAGE = YES_ERROR;
				CLANG_WARN_DOCUMENTATION_COMMENTS = YES;
				CLANG_WARN_EMPTY_BODY = YES;
				CLANG_WARN_ENUM_CONVERSION = YES;
				CLANG_WARN_INFINITE_RECURSION = YES;
				CLANG_WARN_INT_CONVERSION = YES;
				CLANG_WARN_NON_LITERAL_NULL_CONVERSION = YES;
				CLANG_WARN_OBJC_IMPLICIT_RETAIN_SELF = YES;
				CLANG_WARN_OBJC_LITERAL_CONVERSION = YES;
				CLANG_WARN_OBJC_ROOT_CLASS = YES_ERROR;
				CLANG_WARN_QUOTED_INCLUDE_IN_FRAMEWORK_HEADER = YES;
				CLANG_WARN_RANGE_LOOP_ANALYSIS = YES;
				CLANG_WARN_STRICT_PROTOTYPES = YES;
				CLANG_WARN_SUSPICIOUS_MOVE = YES;
				CLANG_WARN_UNGUARDED_AVAILABILITY = YES_AGGRESSIVE;
				CLANG_WARN_UNREACHABLE_CODE = YES;
				CLANG_WARN__DUPLICATE_METHOD_MATCH = YES;
				COPY_PHASE_STRIP = NO;
				DEBUG_INFORMATION_FORMAT = dwarf;
				ENABLE_STRICT_OBJC_MSGSEND = YES;
				ENABLE_TESTABILITY = YES;
				GCC_C_LANGUAGE_STANDARD = gnu11;
				GCC_DYNAMIC_NO_PIC = NO;
				GCC_NO_COMMON_BLOCKS = YES;
				GCC_OPTIMIZATION_LEVEL = 0;
				GCC_PREPROCESSOR_DEFINITIONS = (
					"DEBUG=1",
					"$(inherited)",
				);
				GCC_WARN_64_TO_32_BIT_CONVERSION = YES;
				GCC_WARN_ABOUT_RETURN_TYPE = YES_ERROR;
				GCC_WARN_UNDECLARED_SELECTOR = YES;
				GCC_WARN_UNINITIALIZED_AUTOS = YES_AGGRESSIVE;
				GCC_WARN_UNUSED_FUNCTION = YES;
				GCC_WARN_UNUSED_VARIABLE = YES;
				IPHONEOS_DEPLOYMENT_TARGET = 14.2;
				MTL_ENABLE_DEBUG_INFO = INCLUDE_SOURCE;
				MTL_FAST_MATH = YES;
				ONLY_ACTIVE_ARCH = YES;
				SDKROOT = iphoneos;
				SWIFT_ACTIVE_COMPILATION_CONDITIONS = DEBUG;
				SWIFT_OPTIMIZATION_LEVEL = "-Onone";
			};
			name = Debug;
		};
		018A230226B91F7000B79D56 /* Release */ = {
			isa = XCBuildConfiguration;
			buildSettings = {
				ALWAYS_SEARCH_USER_PATHS = NO;
				CLANG_ANALYZER_NONNULL = YES;
				CLANG_ANALYZER_NUMBER_OBJECT_CONVERSION = YES_AGGRESSIVE;
				CLANG_CXX_LANGUAGE_STANDARD = "gnu++14";
				CLANG_CXX_LIBRARY = "libc++";
				CLANG_ENABLE_MODULES = YES;
				CLANG_ENABLE_OBJC_ARC = YES;
				CLANG_ENABLE_OBJC_WEAK = YES;
				CLANG_WARN_BLOCK_CAPTURE_AUTORELEASING = YES;
				CLANG_WARN_BOOL_CONVERSION = YES;
				CLANG_WARN_COMMA = YES;
				CLANG_WARN_CONSTANT_CONVERSION = YES;
				CLANG_WARN_DEPRECATED_OBJC_IMPLEMENTATIONS = YES;
				CLANG_WARN_DIRECT_OBJC_ISA_USAGE = YES_ERROR;
				CLANG_WARN_DOCUMENTATION_COMMENTS = YES;
				CLANG_WARN_EMPTY_BODY = YES;
				CLANG_WARN_ENUM_CONVERSION = YES;
				CLANG_WARN_INFINITE_RECURSION = YES;
				CLANG_WARN_INT_CONVERSION = YES;
				CLANG_WARN_NON_LITERAL_NULL_CONVERSION = YES;
				CLANG_WARN_OBJC_IMPLICIT_RETAIN_SELF = YES;
				CLANG_WARN_OBJC_LITERAL_CONVERSION = YES;
				CLANG_WARN_OBJC_ROOT_CLASS = YES_ERROR;
				CLANG_WARN_QUOTED_INCLUDE_IN_FRAMEWORK_HEADER = YES;
				CLANG_WARN_RANGE_LOOP_ANALYSIS = YES;
				CLANG_WARN_STRICT_PROTOTYPES = YES;
				CLANG_WARN_SUSPICIOUS_MOVE = YES;
				CLANG_WARN_UNGUARDED_AVAILABILITY = YES_AGGRESSIVE;
				CLANG_WARN_UNREACHABLE_CODE = YES;
				CLANG_WARN__DUPLICATE_METHOD_MATCH = YES;
				COPY_PHASE_STRIP = NO;
				DEBUG_INFORMATION_FORMAT = "dwarf-with-dsym";
				ENABLE_NS_ASSERTIONS = NO;
				ENABLE_STRICT_OBJC_MSGSEND = YES;
				GCC_C_LANGUAGE_STANDARD = gnu11;
				GCC_NO_COMMON_BLOCKS = YES;
				GCC_WARN_64_TO_32_BIT_CONVERSION = YES;
				GCC_WARN_ABOUT_RETURN_TYPE = YES_ERROR;
				GCC_WARN_UNDECLARED_SELECTOR = YES;
				GCC_WARN_UNINITIALIZED_AUTOS = YES_AGGRESSIVE;
				GCC_WARN_UNUSED_FUNCTION = YES;
				GCC_WARN_UNUSED_VARIABLE = YES;
				IPHONEOS_DEPLOYMENT_TARGET = 14.2;
				MTL_ENABLE_DEBUG_INFO = NO;
				MTL_FAST_MATH = YES;
				SDKROOT = iphoneos;
				SWIFT_COMPILATION_MODE = wholemodule;
				SWIFT_OPTIMIZATION_LEVEL = "-O";
				VALIDATE_PRODUCT = YES;
			};
			name = Release;
		};
		018A230426B91F7000B79D56 /* Debug */ = {
			isa = XCBuildConfiguration;
			buildSettings = {
				ASSETCATALOG_COMPILER_APPICON_NAME = AppIcon;
				ASSETCATALOG_COMPILER_GLOBAL_ACCENT_COLOR_NAME = AccentColor;
				CODE_SIGN_STYLE = Automatic;
				DEVELOPMENT_ASSET_PATHS = "\"swiftUIDemo/Preview Content\"";
				ENABLE_PREVIEWS = YES;
				INFOPLIST_FILE = swiftUIDemo/Info.plist;
				IPHONEOS_DEPLOYMENT_TARGET = 14.0;
				LD_RUNPATH_SEARCH_PATHS = (
					"$(inherited)",
					"@executable_path/Frameworks",
				);
				PRODUCT_BUNDLE_IDENTIFIER = com.sample.swiftUIDemo;
				PRODUCT_NAME = "$(TARGET_NAME)";
				SWIFT_VERSION = 5.0;
				TARGETED_DEVICE_FAMILY = "1,2";
			};
			name = Debug;
		};
		018A230526B91F7000B79D56 /* Release */ = {
			isa = XCBuildConfiguration;
			buildSettings = {
				ASSETCATALOG_COMPILER_APPICON_NAME = AppIcon;
				ASSETCATALOG_COMPILER_GLOBAL_ACCENT_COLOR_NAME = AccentColor;
				CODE_SIGN_STYLE = Automatic;
				DEVELOPMENT_ASSET_PATHS = "\"swiftUIDemo/Preview Content\"";
				ENABLE_PREVIEWS = YES;
				INFOPLIST_FILE = swiftUIDemo/Info.plist;
				IPHONEOS_DEPLOYMENT_TARGET = 14.0;
				LD_RUNPATH_SEARCH_PATHS = (
					"$(inherited)",
					"@executable_path/Frameworks",
				);
				PRODUCT_BUNDLE_IDENTIFIER = com.sample.swiftUIDemo;
				PRODUCT_NAME = "$(TARGET_NAME)";
				SWIFT_VERSION = 5.0;
				TARGETED_DEVICE_FAMILY = "1,2";
			};
			name = Release;
		};
/* End XCBuildConfiguration section */

/* Begin XCConfigurationList section */
		018A22EF26B91F6B00B79D56 /* Build configuration list for PBXProject "swiftUIDemo" */ = {
			isa = XCConfigurationList;
			buildConfigurations = (
				018A230126B91F7000B79D56 /* Debug */,
				018A230226B91F7000B79D56 /* Release */,
			);
			defaultConfigurationIsVisible = 0;
			defaultConfigurationName = Release;
		};
		018A230326B91F7000B79D56 /* Build configuration list for PBXNativeTarget "swiftUIDemo" */ = {
			isa = XCConfigurationList;
			buildConfigurations = (
				018A230426B91F7000B79D56 /* Debug */,
				018A230526B91F7000B79D56 /* Release */,
			);
			defaultConfigurationIsVisible = 0;
			defaultConfigurationName = Release;
		};
/* End XCConfigurationList section */
	};
	rootObject = 018A22EC26B91F6B00B79D56 /* Project object */;
}
